
Microsoft Visual Studio Solution File, Format Version 12.00
# Visual Studio Version 17
VisualStudioVersion = 17.7.34031.279
MinimumVisualStudioVersion = 10.0.40219.1
Project("{2150E333-8FDC-42A3-9474-1A3956D46DE8}") = "src", "src", "{FCCCFACC-6803-4D15-978D-79ED89CEECB5}"
EndProject
Project("{2150E333-8FDC-42A3-9474-1A3956D46DE8}") = "RentCar", "RentCar", "{73560A22-98D6-48D6-A0CD-71076F2B7928}"
EndProject
Project("{9A19103F-16F7-4668-BE54-9A1E7A4F7556}") = "RentCar.WebApi", "Car\RentCar.WebApi.csproj", "{71E43913-F128-478B-B58E-4946C64BCE7A}"
EndProject
Project("{9A19103F-16F7-4668-BE54-9A1E7A4F7556}") = "RentCar.DataAccess", "CarDataAccess\RentCar.DataAccess.csproj", "{FBBDFCF9-9FAF-4554-82AC-F1C00B63CB62}"
EndProject
Project("{9A19103F-16F7-4668-BE54-9A1E7A4F7556}") = "RentCar.Service", "Car.Service\RentCar.Service.csproj", "{1940EFBC-CC66-455C-89DC-AE5E36FA9E68}"
EndProject
Project("{9A19103F-16F7-4668-BE54-9A1E7A4F7556}") = "RentCar.Domain", "Car.Domain\RentCar.Domain.csproj", "{6C8797BA-4BE2-4EDB-8C4A-5397FF956C89}"
EndProject
Project("{2150E333-8FDC-42A3-9474-1A3956D46DE8}") = "School", "School", "{998E2CE0-44AA-44D5-9EE2-6DD9FE751379}"
EndProject
Project("{9A19103F-16F7-4668-BE54-9A1E7A4F7556}") = "School.WebApi", "Person.WebApiii\School.WebApi.csproj", "{DCEFE375-655C-44A0-9F8C-9E10F5A0A7C0}"
EndProject
Project("{9A19103F-16F7-4668-BE54-9A1E7A4F7556}") = "School.DataAccess", "Person.DataAccess\School.DataAccess.csproj", "{1692262F-B742-4EEF-8A58-2FA936A076F2}"
EndProject
Project("{9A19103F-16F7-4668-BE54-9A1E7A4F7556}") = "School.Domain", "Person.Domain\School.Domain.csproj", "{BC324714-0439-4C56-ABDB-9F7DE20B131E}"
EndProject
Project("{9A19103F-16F7-4668-BE54-9A1E7A4F7556}") = "School.Service", "Person.Service\School.Service.csproj", "{C2DCFBF5-17AB-409C-9CEF-D3AD187C9B29}"
EndProject
Project("{2150E333-8FDC-42A3-9474-1A3956D46DE8}") = "Shop", "Shop", "{52DA6D8A-C873-408E-BC61-28EDB0246690}"
EndProject
Project("{9A19103F-16F7-4668-BE54-9A1E7A4F7556}") = "Shop.WebApi", "CarBuyer.WebApi\Shop.WebApi.csproj", "{0EBEBCDC-68E0-4738-A8C5-142555C1F2BA}"
EndProject
Project("{9A19103F-16F7-4668-BE54-9A1E7A4F7556}") = "Shop.Domain", "CarBuyer.Domain\Shop.Domain.csproj", "{CD504F21-EB00-4B83-A8E5-F49B5EBD595D}"
EndProject
Project("{9A19103F-16F7-4668-BE54-9A1E7A4F7556}") = "Shop.Service", "CarBuyer.Service\Shop.Service.csproj", "{E3C1A9D9-F6BA-47E4-A398-DB1974039D01}"
EndProject
Project("{FAE04EC0-301F-11D3-BF4B-00C04F79EFBC}") = "Shop.DataAcess", "Person.DataAcess\Shop.DataAcess.csproj", "{BD7072C9-D54D-4320-BBB2-54984F17254F}"
EndProject
Global
	GlobalSection(SolutionConfigurationPlatforms) = preSolution
		Debug|Any CPU = Debug|Any CPU
		Release|Any CPU = Release|Any CPU
	EndGlobalSection
	GlobalSection(ProjectConfigurationPlatforms) = postSolution
		{71E43913-F128-478B-B58E-4946C64BCE7A}.Debug|Any CPU.ActiveCfg = Debug|Any CPU
		{71E43913-F128-478B-B58E-4946C64BCE7A}.Debug|Any CPU.Build.0 = Debug|Any CPU
		{71E43913-F128-478B-B58E-4946C64BCE7A}.Release|Any CPU.ActiveCfg = Release|Any CPU
		{71E43913-F128-478B-B58E-4946C64BCE7A}.Release|Any CPU.Build.0 = Release|Any CPU
		{FBBDFCF9-9FAF-4554-82AC-F1C00B63CB62}.Debug|Any CPU.ActiveCfg = Debug|Any CPU
		{FBBDFCF9-9FAF-4554-82AC-F1C00B63CB62}.Debug|Any CPU.Build.0 = Debug|Any CPU
		{FBBDFCF9-9FAF-4554-82AC-F1C00B63CB62}.Release|Any CPU.ActiveCfg = Release|Any CPU
		{FBBDFCF9-9FAF-4554-82AC-F1C00B63CB62}.Release|Any CPU.Build.0 = Release|Any CPU
		{1940EFBC-CC66-455C-89DC-AE5E36FA9E68}.Debug|Any CPU.ActiveCfg = Debug|Any CPU
		{1940EFBC-CC66-455C-89DC-AE5E36FA9E68}.Debug|Any CPU.Build.0 = Debug|Any CPU
		{1940EFBC-CC66-455C-89DC-AE5E36FA9E68}.Release|Any CPU.ActiveCfg = Release|Any CPU
		{1940EFBC-CC66-455C-89DC-AE5E36FA9E68}.Release|Any CPU.Build.0 = Release|Any CPU
		{6C8797BA-4BE2-4EDB-8C4A-5397FF956C89}.Debug|Any CPU.ActiveCfg = Debug|Any CPU
		{6C8797BA-4BE2-4EDB-8C4A-5397FF956C89}.Debug|Any CPU.Build.0 = Debug|Any CPU
		{6C8797BA-4BE2-4EDB-8C4A-5397FF956C89}.Release|Any CPU.ActiveCfg = Release|Any CPU
		{6C8797BA-4BE2-4EDB-8C4A-5397FF956C89}.Release|Any CPU.Build.0 = Release|Any CPU
		{DCEFE375-655C-44A0-9F8C-9E10F5A0A7C0}.Debug|Any CPU.ActiveCfg = Debug|Any CPU
		{DCEFE375-655C-44A0-9F8C-9E10F5A0A7C0}.Debug|Any CPU.Build.0 = Debug|Any CPU
		{DCEFE375-655C-44A0-9F8C-9E10F5A0A7C0}.Release|Any CPU.ActiveCfg = Release|Any CPU
		{DCEFE375-655C-44A0-9F8C-9E10F5A0A7C0}.Release|Any CPU.Build.0 = Release|Any CPU
		{1692262F-B742-4EEF-8A58-2FA936A076F2}.Debug|Any CPU.ActiveCfg = Debug|Any CPU
		{1692262F-B742-4EEF-8A58-2FA936A076F2}.Debug|Any CPU.Build.0 = Debug|Any CPU
		{1692262F-B742-4EEF-8A58-2FA936A076F2}.Release|Any CPU.ActiveCfg = Release|Any CPU
		{1692262F-B742-4EEF-8A58-2FA936A076F2}.Release|Any CPU.Build.0 = Release|Any CPU
		{BC324714-0439-4C56-ABDB-9F7DE20B131E}.Debug|Any CPU.ActiveCfg = Debug|Any CPU
		{BC324714-0439-4C56-ABDB-9F7DE20B131E}.Debug|Any CPU.Build.0 = Debug|Any CPU
		{BC324714-0439-4C56-ABDB-9F7DE20B131E}.Release|Any CPU.ActiveCfg = Release|Any CPU
		{BC324714-0439-4C56-ABDB-9F7DE20B131E}.Release|Any CPU.Build.0 = Release|Any CPU
		{C2DCFBF5-17AB-409C-9CEF-D3AD187C9B29}.Debug|Any CPU.ActiveCfg = Debug|Any CPU
		{C2DCFBF5-17AB-409C-9CEF-D3AD187C9B29}.Debug|Any CPU.Build.0 = Debug|Any CPU
		{C2DCFBF5-17AB-409C-9CEF-D3AD187C9B29}.Release|Any CPU.ActiveCfg = Release|Any CPU
		{C2DCFBF5-17AB-409C-9CEF-D3AD187C9B29}.Release|Any CPU.Build.0 = Release|Any CPU
		{0EBEBCDC-68E0-4738-A8C5-142555C1F2BA}.Debug|Any CPU.ActiveCfg = Debug|Any CPU
		{0EBEBCDC-68E0-4738-A8C5-142555C1F2BA}.Debug|Any CPU.Build.0 = Debug|Any CPU
		{0EBEBCDC-68E0-4738-A8C5-142555C1F2BA}.Release|Any CPU.ActiveCfg = Release|Any CPU
		{0EBEBCDC-68E0-4738-A8C5-142555C1F2BA}.Release|Any CPU.Build.0 = Release|Any CPU
		{CD504F21-EB00-4B83-A8E5-F49B5EBD595D}.Debug|Any CPU.ActiveCfg = Debug|Any CPU
		{CD504F21-EB00-4B83-A8E5-F49B5EBD595D}.Debug|Any CPU.Build.0 = Debug|Any CPU
		{CD504F21-EB00-4B83-A8E5-F49B5EBD595D}.Release|Any CPU.ActiveCfg = Release|Any CPU
		{CD504F21-EB00-4B83-A8E5-F49B5EBD595D}.Release|Any CPU.Build.0 = Release|Any CPU
		{E3C1A9D9-F6BA-47E4-A398-DB1974039D01}.Debug|Any CPU.ActiveCfg = Debug|Any CPU
		{E3C1A9D9-F6BA-47E4-A398-DB1974039D01}.Debug|Any CPU.Build.0 = Debug|Any CPU
		{E3C1A9D9-F6BA-47E4-A398-DB1974039D01}.Release|Any CPU.ActiveCfg = Release|Any CPU
		{E3C1A9D9-F6BA-47E4-A398-DB1974039D01}.Release|Any CPU.Build.0 = Release|Any CPU
		{BD7072C9-D54D-4320-BBB2-54984F17254F}.Debug|Any CPU.ActiveCfg = Debug|Any CPU
		{BD7072C9-D54D-4320-BBB2-54984F17254F}.Debug|Any CPU.Build.0 = Debug|Any CPU
		{BD7072C9-D54D-4320-BBB2-54984F17254F}.Release|Any CPU.ActiveCfg = Release|Any CPU
		{BD7072C9-D54D-4320-BBB2-54984F17254F}.Release|Any CPU.Build.0 = Release|Any CPU
	EndGlobalSection
	GlobalSection(SolutionProperties) = preSolution
		HideSolutionNode = FALSE
	EndGlobalSection
	GlobalSection(NestedProjects) = preSolution
		{73560A22-98D6-48D6-A0CD-71076F2B7928} = {FCCCFACC-6803-4D15-978D-79ED89CEECB5}
		{71E43913-F128-478B-B58E-4946C64BCE7A} = {73560A22-98D6-48D6-A0CD-71076F2B7928}
		{FBBDFCF9-9FAF-4554-82AC-F1C00B63CB62} = {73560A22-98D6-48D6-A0CD-71076F2B7928}
		{1940EFBC-CC66-455C-89DC-AE5E36FA9E68} = {73560A22-98D6-48D6-A0CD-71076F2B7928}
		{6C8797BA-4BE2-4EDB-8C4A-5397FF956C89} = {73560A22-98D6-48D6-A0CD-71076F2B7928}
		{998E2CE0-44AA-44D5-9EE2-6DD9FE751379} = {FCCCFACC-6803-4D15-978D-79ED89CEECB5}
		{DCEFE375-655C-44A0-9F8C-9E10F5A0A7C0} = {998E2CE0-44AA-44D5-9EE2-6DD9FE751379}
		{1692262F-B742-4EEF-8A58-2FA936A076F2} = {998E2CE0-44AA-44D5-9EE2-6DD9FE751379}
		{BC324714-0439-4C56-ABDB-9F7DE20B131E} = {998E2CE0-44AA-44D5-9EE2-6DD9FE751379}
		{C2DCFBF5-17AB-409C-9CEF-D3AD187C9B29} = {998E2CE0-44AA-44D5-9EE2-6DD9FE751379}
		{52DA6D8A-C873-408E-BC61-28EDB0246690} = {FCCCFACC-6803-4D15-978D-79ED89CEECB5}
		{0EBEBCDC-68E0-4738-A8C5-142555C1F2BA} = {52DA6D8A-C873-408E-BC61-28EDB0246690}
		{CD504F21-EB00-4B83-A8E5-F49B5EBD595D} = {52DA6D8A-C873-408E-BC61-28EDB0246690}
		{E3C1A9D9-F6BA-47E4-A398-DB1974039D01} = {52DA6D8A-C873-408E-BC61-28EDB0246690}
		{BD7072C9-D54D-4320-BBB2-54984F17254F} = {52DA6D8A-C873-408E-BC61-28EDB0246690}
	EndGlobalSection
	GlobalSection(ExtensibilityGlobals) = postSolution
		SolutionGuid = {48B38BBD-87D4-479C-AB40-CE74C979CC09}
	EndGlobalSection
EndGlobal
